
Microsoft Visual Studio Solution File, Format Version 12.00
# Visual Studio 15
Project("{FAE04EC0-301F-11D3-BF4B-00C04F79EFBC}") = "Assembly-CSharp", "Assembly-CSharp.csproj", "{19D20495-4524-1588-CD9F-CEDF8C0DBEC9}"
EndProject
Global
	GlobalSection(SolutionConfigurationPlatforms) = preSolution
		Debug|Any CPU = Debug|Any CPU
		Release|Any CPU = Release|Any CPU
	EndGlobalSection
	GlobalSection(ProjectConfigurationPlatforms) = postSolution
		{19D20495-4524-1588-CD9F-CEDF8C0DBEC9}.Debug|Any CPU.ActiveCfg = Debug|Any CPU
		{19D20495-4524-1588-CD9F-CEDF8C0DBEC9}.Debug|Any CPU.Build.0 = Debug|Any CPU
		{19D20495-4524-1588-CD9F-CEDF8C0DBEC9}.Release|Any CPU.ActiveCfg = Release|Any CPU
		{19D20495-4524-1588-CD9F-CEDF8C0DBEC9}.Release|Any CPU.Build.0 = Release|Any CPU
	EndGlobalSection
	GlobalSection(SolutionProperties) = preSolution
		HideSolutionNode = FALSE
	EndGlobalSection
EndGlobal
